Microsoft Visual Studio Solution File, Format Version 12.00
# Visual Studio Version 17
VisualStudioVersion = 17.5.2.0
MinimumVisualStudioVersion = 10.0.40219.1
Project("{FAE04EC0-301F-11D3-BF4B-00C04F79EFBC}") = "APIVehicleManager", "APIVehicleManager\APIVehicleManager.csproj", "{B48DF27C-3075-28DB-4316-B3C0E806B5C0}"
EndProject
Global
	GlobalSection(SolutionConfigurationPlatforms) = preSolution
		Debug|Any CPU = Debug|Any CPU
		Release|Any CPU = Release|Any CPU
	EndGlobalSection
	GlobalSection(ProjectConfigurationPlatforms) = postSolution
		{B48DF27C-3075-28DB-4316-B3C0E806B5C0}.Debug|Any CPU.ActiveCfg = Debug|Any CPU
		{B48DF27C-3075-28DB-4316-B3C0E806B5C0}.Debug|Any CPU.Build.0 = Debug|Any CPU
		{B48DF27C-3075-28DB-4316-B3C0E806B5C0}.Release|Any CPU.ActiveCfg = Release|Any CPU
		{B48DF27C-3075-28DB-4316-B3C0E806B5C0}.Release|Any CPU.Build.0 = Release|Any CPU
	EndGlobalSection
	GlobalSection(SolutionProperties) = preSolution
		HideSolutionNode = FALSE
	EndGlobalSection
	GlobalSection(ExtensibilityGlobals) = postSolution
		SolutionGuid = {F52E6C04-C54F-4578-BF78-44EF9ABFF137}
	EndGlobalSection
EndGlobal
